# This file was autogenerated by Stack.
# You should not edit this file by hand.
# For more information, please see the documentation at:
#   https://docs.haskellstack.org/en/stable/lock_files

packages:
- completed:
    hackage: plots-0.1.1.2@sha256:41e955f063df50c27ee2183d8ff53cf9082b04c21af3e8f1fad765e2349137e2,2131
    pantry-tree:
      size: 5256
      sha256: e80ac6aba194b05b798018f6f9feb83602882578c4b2327bfea57d0cfb368b7e
  original:
    hackage: plots-0.1.1.2@sha256:41e955f063df50c27ee2183d8ff53cf9082b04c21af3e8f1fad765e2349137e2,2131
snapshots:
- completed:
    size: 533053
    url: https://raw.githubusercontent.com/commercialhaskell/stackage-snapshots/master/lts/16/28.yaml
    sha256: a9c01d860ac8dfb3a1b6f7ec4a36dd9504a95392b89c99b0877da63fa36a8e97
  original: lts-16.28
